// !$*UTF8*$!
{
	archiveVersion = 1;
	classes = {
	};
	objectVersion = 55;
	objects = {

/* Begin PBXBuildFile section */
		D3FC54F7289CD8EC00169EDE /* AppDelegate.swift in Sources */ = {isa = PBXBuildFile; fileRef = D3FC54F6289CD8EC00169EDE /* AppDelegate.swift */; };
		D3FC54F9289CD8EC00169EDE /* SceneDelegate.swift in Sources */ = {isa = PBXBuildFile; fileRef = D3FC54F8289CD8EC00169EDE /* SceneDelegate.swift */; };
		D3FC54FB289CD8EC00169EDE /* MainViewController.swift in Sources */ = {isa = PBXBuildFile; fileRef = D3FC54FA289CD8EC00169EDE /* MainViewController.swift */; };
		D3FC54FE289CD8EC00169EDE /* Main.storyboard in Resources */ = {isa = PBXBuildFile; fileRef = D3FC54FC289CD8EC00169EDE /* Main.storyboard */; };
		D3FC5500289CD8EE00169EDE /* Assets.xcassets in Resources */ = {isa = PBXBuildFile; fileRef = D3FC54FF289CD8EE00169EDE /* Assets.xcassets */; };
		D3FC5503289CD8EE00169EDE /* LaunchScreen.storyboard in Resources */ = {isa = PBXBuildFile; fileRef = D3FC5501289CD8EE00169EDE /* LaunchScreen.storyboard */; };
		D3FC550F289CDC8400169EDE /* GameViewController.swift in Sources */ = {isa = PBXBuildFile; fileRef = D3FC550E289CDC8400169EDE /* GameViewController.swift */; };
		D3FC5512289CDCC800169EDE /* Question.swift in Sources */ = {isa = PBXBuildFile; fileRef = D3FC5511289CDCC800169EDE /* Question.swift */; };
		D3FC5515289CDD5B00169EDE /* ResultsViewController.swift in Sources */ = {isa = PBXBuildFile; fileRef = D3FC5514289CDD5B00169EDE /* ResultsViewController.swift */; };
		D3FC5517289CDE5800169EDE /* QuestionsList.swift in Sources */ = {isa = PBXBuildFile; fileRef = D3FC5516289CDE5800169EDE /* QuestionsList.swift */; };
		D3FC551928A180D000169EDE /* GameSingleton.swift in Sources */ = {isa = PBXBuildFile; fileRef = D3FC551828A180D000169EDE /* GameSingleton.swift */; };
		D3FC551B28A22D7400169EDE /* RecordsCaretaker.swift in Sources */ = {isa = PBXBuildFile; fileRef = D3FC551A28A22D7400169EDE /* RecordsCaretaker.swift */; };
		D3FC552A28A3728100169EDE /* SettingsViewController.swift in Sources */ = {isa = PBXBuildFile; fileRef = D3FC552928A3728100169EDE /* SettingsViewController.swift */; };
		D3FC552D28A37EF100169EDE /* AddQuestionViewController.swift in Sources */ = {isa = PBXBuildFile; fileRef = D3FC552C28A37EF100169EDE /* AddQuestionViewController.swift */; };
		D3FC552F28A42EFF00169EDE /* QuestionsCaretaker.swift in Sources */ = {isa = PBXBuildFile; fileRef = D3FC552E28A42EFF00169EDE /* QuestionsCaretaker.swift */; };
/* End PBXBuildFile section */

/* Begin PBXFileReference section */
		D3FC54F3289CD8EC00169EDE /* WantOneMillion.app */ = {isa = PBXFileReference; explicitFileType = wrapper.application; includeInIndex = 0; path = WantOneMillion.app; sourceTree = BUILT_PRODUCTS_DIR; };
		D3FC54F6289CD8EC00169EDE /* AppDelegate.swift */ = {isa = PBXFileReference; lastKnownFileType = sourcecode.swift; name = AppDelegate.swift; path = WantOneMillion/Delegate/AppDelegate.swift; sourceTree = SOURCE_ROOT; };
		D3FC54F8289CD8EC00169EDE /* SceneDelegate.swift */ = {isa = PBXFileReference; lastKnownFileType = sourcecode.swift; path = SceneDelegate.swift; sourceTree = "<group>"; };
		D3FC54FA289CD8EC00169EDE /* MainViewController.swift */ = {isa = PBXFileReference; lastKnownFileType = sourcecode.swift; path = MainViewController.swift; sourceTree = "<group>"; };
		D3FC54FD289CD8EC00169EDE /* Base */ = {isa = PBXFileReference; lastKnownFileType = file.storyboard; name = Base; path = Base.lproj/Main.storyboard; sourceTree = "<group>"; };
		D3FC54FF289CD8EE00169EDE /* Assets.xcassets */ = {isa = PBXFileReference; lastKnownFileType = folder.assetcatalog; path = Assets.xcassets; sourceTree = "<group>"; };
		D3FC5502289CD8EE00169EDE /* Base */ = {isa = PBXFileReference; lastKnownFileType = file.storyboard; name = Base; path = Base.lproj/LaunchScreen.storyboard; sourceTree = "<group>"; };
		D3FC5504289CD8EE00169EDE /* Info.plist */ = {isa = PBXFileReference; lastKnownFileType = text.plist.xml; path = Info.plist; sourceTree = "<group>"; };
		D3FC550E289CDC8400169EDE /* GameViewController.swift */ = {isa = PBXFileReference; lastKnownFileType = sourcecode.swift; path = GameViewController.swift; sourceTree = "<group>"; };
		D3FC5511289CDCC800169EDE /* Question.swift */ = {isa = PBXFileReference; lastKnownFileType = sourcecode.swift; path = Question.swift; sourceTree = "<group>"; };
		D3FC5514289CDD5B00169EDE /* ResultsViewController.swift */ = {isa = PBXFileReference; lastKnownFileType = sourcecode.swift; path = ResultsViewController.swift; sourceTree = "<group>"; };
		D3FC5516289CDE5800169EDE /* QuestionsList.swift */ = {isa = PBXFileReference; lastKnownFileType = sourcecode.swift; path = QuestionsList.swift; sourceTree = "<group>"; };
		D3FC551828A180D000169EDE /* GameSingleton.swift */ = {isa = PBXFileReference; lastKnownFileType = sourcecode.swift; path = GameSingleton.swift; sourceTree = "<group>"; };
		D3FC551A28A22D7400169EDE /* RecordsCaretaker.swift */ = {isa = PBXFileReference; lastKnownFileType = sourcecode.swift; path = RecordsCaretaker.swift; sourceTree = "<group>"; };
		D3FC552928A3728100169EDE /* SettingsViewController.swift */ = {isa = PBXFileReference; lastKnownFileType = sourcecode.swift; path = SettingsViewController.swift; sourceTree = "<group>"; };
		D3FC552C28A37EF100169EDE /* AddQuestionViewController.swift */ = {isa = PBXFileReference; lastKnownFileType = sourcecode.swift; path = AddQuestionViewController.swift; sourceTree = "<group>"; };
		D3FC552E28A42EFF00169EDE /* QuestionsCaretaker.swift */ = {isa = PBXFileReference; lastKnownFileType = sourcecode.swift; path = QuestionsCaretaker.swift; sourceTree = "<group>"; };
/* End PBXFileReference section */

/* Begin PBXFrameworksBuildPhase section */
		D3FC54F0289CD8EC00169EDE /* Frameworks */ = {
			isa = PBXFrameworksBuildPhase;
			buildActionMask = 2147483647;
			files = (
			);
			runOnlyForDeploymentPostprocessing = 0;
		};
/* End PBXFrameworksBuildPhase section */

/* Begin PBXGroup section */
		D3FC54EA289CD8EC00169EDE = {
			isa = PBXGroup;
			children = (
				D3FC54F5289CD8EC00169EDE /* WantOneMillion */,
				D3FC54F4289CD8EC00169EDE /* Products */,
			);
			sourceTree = "<group>";
		};
		D3FC54F4289CD8EC00169EDE /* Products */ = {
			isa = PBXGroup;
			children = (
				D3FC54F3289CD8EC00169EDE /* WantOneMillion.app */,
			);
			name = Products;
			sourceTree = "<group>";
		};
		D3FC54F5289CD8EC00169EDE /* WantOneMillion */ = {
			isa = PBXGroup;
			children = (
				D3FC550A289CD8F700169EDE /* Delegate */,
				D3FC550B289CD90B00169EDE /* MainSceene */,
				D3FC54FF289CD8EE00169EDE /* Assets.xcassets */,
				D3FC5501289CD8EE00169EDE /* LaunchScreen.storyboard */,
				D3FC5504289CD8EE00169EDE /* Info.plist */,
			);
			path = WantOneMillion;
			sourceTree = "<group>";
		};
		D3FC550A289CD8F700169EDE /* Delegate */ = {
			isa = PBXGroup;
			children = (
				D3FC54F8289CD8EC00169EDE /* SceneDelegate.swift */,
				D3FC54F6289CD8EC00169EDE /* AppDelegate.swift */,
			);
			path = Delegate;
			sourceTree = "<group>";
		};
		D3FC550B289CD90B00169EDE /* MainSceene */ = {
			isa = PBXGroup;
			children = (
				D3FC54FC289CD8EC00169EDE /* Main.storyboard */,
				D3FC5513289CDD3600169EDE /* ResultsSceene */,
				D3FC550D289CDC6300169EDE /* GameSceene */,
				D3FC551C28A2D8A100169EDE /* SettingsScene */,
				D3FC54FA289CD8EC00169EDE /* MainViewController.swift */,
			);
			path = MainSceene;
			sourceTree = "<group>";
		};
		D3FC550D289CDC6300169EDE /* GameSceene */ = {
			isa = PBXGroup;
			children = (
				D3FC5510289CDCA800169EDE /* Questions */,
				D3FC550E289CDC8400169EDE /* GameViewController.swift */,
			);
			path = GameSceene;
			sourceTree = "<group>";
		};
		D3FC5510289CDCA800169EDE /* Questions */ = {
			isa = PBXGroup;
			children = (
				D3FC5511289CDCC800169EDE /* Question.swift */,
				D3FC5516289CDE5800169EDE /* QuestionsList.swift */,
				D3FC552E28A42EFF00169EDE /* QuestionsCaretaker.swift */,
			);
			path = Questions;
			sourceTree = "<group>";
		};
		D3FC5513289CDD3600169EDE /* ResultsSceene */ = {
			isa = PBXGroup;
			children = (
				D3FC5514289CDD5B00169EDE /* ResultsViewController.swift */,
				D3FC551828A180D000169EDE /* GameSingleton.swift */,
				D3FC551A28A22D7400169EDE /* RecordsCaretaker.swift */,
			);
			path = ResultsSceene;
			sourceTree = "<group>";
		};
		D3FC551C28A2D8A100169EDE /* SettingsScene */ = {
			isa = PBXGroup;
			children = (
				D3FC552B28A37ED200169EDE /* AddQuestionScene */,
				D3FC552928A3728100169EDE /* SettingsViewController.swift */,
			);
			path = SettingsScene;
			sourceTree = "<group>";
		};
		D3FC552B28A37ED200169EDE /* AddQuestionScene */ = {
			isa = PBXGroup;
			children = (
				D3FC552C28A37EF100169EDE /* AddQuestionViewController.swift */,
			);
			path = AddQuestionScene;
			sourceTree = "<group>";
		};
/* End PBXGroup section */

/* Begin PBXNativeTarget section */
		D3FC54F2289CD8EC00169EDE /* WantOneMillion */ = {
			isa = PBXNativeTarget;
			buildConfigurationList = D3FC5507289CD8EE00169EDE /* Build configuration list for PBXNativeTarget "WantOneMillion" */;
			buildPhases = (
				D3FC54EF289CD8EC00169EDE /* Sources */,
				D3FC54F0289CD8EC00169EDE /* Frameworks */,
				D3FC54F1289CD8EC00169EDE /* Resources */,
			);
			buildRules = (
			);
			dependencies = (
			);
			name = WantOneMillion;
			productName = WantOneMillion;
			productReference = D3FC54F3289CD8EC00169EDE /* WantOneMillion.app */;
			productType = "com.apple.product-type.application";
		};
/* End PBXNativeTarget section */

/* Begin PBXProject section */
		D3FC54EB289CD8EC00169EDE /* Project object */ = {
			isa = PBXProject;
			attributes = {
				BuildIndependentTargetsInParallel = 1;
				LastSwiftUpdateCheck = 1340;
				LastUpgradeCheck = 1340;
				TargetAttributes = {
					D3FC54F2289CD8EC00169EDE = {
						CreatedOnToolsVersion = 13.4.1;
					};
				};
			};
			buildConfigurationList = D3FC54EE289CD8EC00169EDE /* Build configuration list for PBXProject "WantOneMillion" */;
			compatibilityVersion = "Xcode 13.0";
			developmentRegion = en;
			hasScannedForEncodings = 0;
			knownRegions = (
				en,
				Base,
			);
			mainGroup = D3FC54EA289CD8EC00169EDE;
			productRefGroup = D3FC54F4289CD8EC00169EDE /* Products */;
			projectDirPath = "";
			projectRoot = "";
			targets = (
				D3FC54F2289CD8EC00169EDE /* WantOneMillion */,
			);
		};
/* End PBXProject section */

/* Begin PBXResourcesBuildPhase section */
		D3FC54F1289CD8EC00169EDE /* Resources */ = {
			isa = PBXResourcesBuildPhase;
			buildActionMask = 2147483647;
			files = (
				D3FC5503289CD8EE00169EDE /* LaunchScreen.storyboard in Resources */,
				D3FC5500289CD8EE00169EDE /* Assets.xcassets in Resources */,
				D3FC54FE289CD8EC00169EDE /* Main.storyboard in Resources */,
			);
			runOnlyForDeploymentPostprocessing = 0;
		};
/* End PBXResourcesBuildPhase section */

/* Begin PBXSourcesBuildPhase section */
		D3FC54EF289CD8EC00169EDE /* Sources */ = {
			isa = PBXSourcesBuildPhase;
			buildActionMask = 2147483647;
			files = (
				D3FC5512289CDCC800169EDE /* Question.swift in Sources */,
				D3FC551B28A22D7400169EDE /* RecordsCaretaker.swift in Sources */,
				D3FC5517289CDE5800169EDE /* QuestionsList.swift in Sources */,
				D3FC552A28A3728100169EDE /* SettingsViewController.swift in Sources */,
				D3FC550F289CDC8400169EDE /* GameViewController.swift in Sources */,
				D3FC552D28A37EF100169EDE /* AddQuestionViewController.swift in Sources */,
				D3FC54FB289CD8EC00169EDE /* MainViewController.swift in Sources */,
				D3FC54F7289CD8EC00169EDE /* AppDelegate.swift in Sources */,
				D3FC552F28A42EFF00169EDE /* QuestionsCaretaker.swift in Sources */,
				D3FC54F9289CD8EC00169EDE /* SceneDelegate.swift in Sources */,
				D3FC5515289CDD5B00169EDE /* ResultsViewController.swift in Sources */,
				D3FC551928A180D000169EDE /* GameSingleton.swift in Sources */,
			);
			runOnlyForDeploymentPostprocessing = 0;
		};
/* End PBXSourcesBuildPhase section */

/* Begin PBXVariantGroup section */
		D3FC54FC289CD8EC00169EDE /* Main.storyboard */ = {
			isa = PBXVariantGroup;
			children = (
				D3FC54FD289CD8EC00169EDE /* Base */,
			);
			name = Main.storyboard;
			sourceTree = "<group>";
		};
		D3FC5501289CD8EE00169EDE /* LaunchScreen.storyboard */ = {
			isa = PBXVariantGroup;
			children = (
				D3FC5502289CD8EE00169EDE /* Base */,
			);
			name = LaunchScreen.storyboard;
			sourceTree = "<group>";
		};
/* End PBXVariantGroup section */

/* Begin XCBuildConfiguration section */
		D3FC5505289CD8EE00169EDE /* Debug */ = {
			isa = XCBuildConfiguration;
			buildSettings = {
				ALWAYS_SEARCH_USER_PATHS = NO;
				CLANG_ANALYZER_NONNULL = YES;
				CLANG_ANALYZER_NUMBER_OBJECT_CONVERSION = YES_AGGRESSIVE;
				CLANG_CXX_LANGUAGE_STANDARD = "gnu++17";
				CLANG_ENABLE_MODULES = YES;
				CLANG_ENABLE_OBJC_ARC = YES;
				CLANG_ENABLE_OBJC_WEAK = YES;
				CLANG_WARN_BLOCK_CAPTURE_AUTORELEASING = YES;
				CLANG_WARN_BOOL_CONVERSION = YES;
				CLANG_WARN_COMMA = YES;
				CLANG_WARN_CONSTANT_CONVERSION = YES;
				CLANG_WARN_DEPRECATED_OBJC_IMPLEMENTATIONS = YES;
				CLANG_WARN_DIRECT_OBJC_ISA_USAGE = YES_ERROR;
				CLANG_WARN_DOCUMENTATION_COMMENTS = YES;
				CLANG_WARN_EMPTY_BODY = YES;
				CLANG_WARN_ENUM_CONVERSION = YES;
				CLANG_WARN_INFINITE_RECURSION = YES;
				CLANG_WARN_INT_CONVERSION = YES;
				CLANG_WARN_NON_LITERAL_NULL_CONVERSION = YES;
				CLANG_WARN_OBJC_IMPLICIT_RETAIN_SELF = YES;
				CLANG_WARN_OBJC_LITERAL_CONVERSION = YES;
				CLANG_WARN_OBJC_ROOT_CLASS = YES_ERROR;
				CLANG_WARN_QUOTED_INCLUDE_IN_FRAMEWORK_HEADER = YES;
				CLANG_WARN_RANGE_LOOP_ANALYSIS = YES;
				CLANG_WARN_STRICT_PROTOTYPES = YES;
				CLANG_WARN_SUSPICIOUS_MOVE = YES;
				CLANG_WARN_UNGUARDED_AVAILABILITY = YES_AGGRESSIVE;
				CLANG_WARN_UNREACHABLE_CODE = YES;
				CLANG_WARN__DUPLICATE_METHOD_MATCH = YES;
				COPY_PHASE_STRIP = NO;
				DEBUG_INFORMATION_FORMAT = dwarf;
				ENABLE_STRICT_OBJC_MSGSEND = YES;
				ENABLE_TESTABILITY = YES;
				GCC_C_LANGUAGE_STANDARD = gnu11;
				GCC_DYNAMIC_NO_PIC = NO;
				GCC_NO_COMMON_BLOCKS = YES;
				GCC_OPTIMIZATION_LEVEL = 0;
				GCC_PREPROCESSOR_DEFINITIONS = (
					"DEBUG=1",
					"$(inherited)",
				);
				GCC_WARN_64_TO_32_BIT_CONVERSION = YES;
				GCC_WARN_ABOUT_RETURN_TYPE = YES_ERROR;
				GCC_WARN_UNDECLARED_SELECTOR = YES;
				GCC_WARN_UNINITIALIZED_AUTOS = YES_AGGRESSIVE;
				GCC_WARN_UNUSED_FUNCTION = YES;
				GCC_WARN_UNUSED_VARIABLE = YES;
				IPHONEOS_DEPLOYMENT_TARGET = 15.5;
				MTL_ENABLE_DEBUG_INFO = INCLUDE_SOURCE;
				MTL_FAST_MATH = YES;
				ONLY_ACTIVE_ARCH = YES;
				SDKROOT = iphoneos;
				SWIFT_ACTIVE_COMPILATION_CONDITIONS = DEBUG;
				SWIFT_OPTIMIZATION_LEVEL = "-Onone";
			};
			name = Debug;
		};
		D3FC5506289CD8EE00169EDE /* Release */ = {
			isa = XCBuildConfiguration;
			buildSettings = {
				ALWAYS_SEARCH_USER_PATHS = NO;
				CLANG_ANALYZER_NONNULL = YES;
				CLANG_ANALYZER_NUMBER_OBJECT_CONVERSION = YES_AGGRESSIVE;
				CLANG_CXX_LANGUAGE_STANDARD = "gnu++17";
				CLANG_ENABLE_MODULES = YES;
				CLANG_ENABLE_OBJC_ARC = YES;
				CLANG_ENABLE_OBJC_WEAK = YES;
				CLANG_WARN_BLOCK_CAPTURE_AUTORELEASING = YES;
				CLANG_WARN_BOOL_CONVERSION = YES;
				CLANG_WARN_COMMA = YES;
				CLANG_WARN_CONSTANT_CONVERSION = YES;
				CLANG_WARN_DEPRECATED_OBJC_IMPLEMENTATIONS = YES;
				CLANG_WARN_DIRECT_OBJC_ISA_USAGE = YES_ERROR;
				CLANG_WARN_DOCUMENTATION_COMMENTS = YES;
				CLANG_WARN_EMPTY_BODY = YES;
				CLANG_WARN_ENUM_CONVERSION = YES;
				CLANG_WARN_INFINITE_RECURSION = YES;
				CLANG_WARN_INT_CONVERSION = YES;
				CLANG_WARN_NON_LITERAL_NULL_CONVERSION = YES;
				CLANG_WARN_OBJC_IMPLICIT_RETAIN_SELF = YES;
				CLANG_WARN_OBJC_LITERAL_CONVERSION = YES;
				CLANG_WARN_OBJC_ROOT_CLASS = YES_ERROR;
				CLANG_WARN_QUOTED_INCLUDE_IN_FRAMEWORK_HEADER = YES;
				CLANG_WARN_RANGE_LOOP_ANALYSIS = YES;
				CLANG_WARN_STRICT_PROTOTYPES = YES;
				CLANG_WARN_SUSPICIOUS_MOVE = YES;
				CLANG_WARN_UNGUARDED_AVAILABILITY = YES_AGGRESSIVE;
				CLANG_WARN_UNREACHABLE_CODE = YES;
				CLANG_WARN__DUPLICATE_METHOD_MATCH = YES;
				COPY_PHASE_STRIP = NO;
				DEBUG_INFORMATION_FORMAT = "dwarf-with-dsym";
				ENABLE_NS_ASSERTIONS = NO;
				ENABLE_STRICT_OBJC_MSGSEND = YES;
				GCC_C_LANGUAGE_STANDARD = gnu11;
				GCC_NO_COMMON_BLOCKS = YES;
				GCC_WARN_64_TO_32_BIT_CONVERSION = YES;
				GCC_WARN_ABOUT_RETURN_TYPE = YES_ERROR;
				GCC_WARN_UNDECLARED_SELECTOR = YES;
				GCC_WARN_UNINITIALIZED_AUTOS = YES_AGGRESSIVE;
				GCC_WARN_UNUSED_FUNCTION = YES;
				GCC_WARN_UNUSED_VARIABLE = YES;
				IPHONEOS_DEPLOYMENT_TARGET = 15.5;
				MTL_ENABLE_DEBUG_INFO = NO;
				MTL_FAST_MATH = YES;
				SDKROOT = iphoneos;
				SWIFT_COMPILATION_MODE = wholemodule;
				SWIFT_OPTIMIZATION_LEVEL = "-O";
				VALIDATE_PRODUCT = YES;
			};
			name = Release;
		};
		D3FC5508289CD8EE00169EDE /* Debug */ = {
			isa = XCBuildConfiguration;
			buildSettings = {
				ASSETCATALOG_COMPILER_APPICON_NAME = AppIcon;
				ASSETCATALOG_COMPILER_GLOBAL_ACCENT_COLOR_NAME = AccentColor;
				CODE_SIGN_STYLE = Automatic;
				CURRENT_PROJECT_VERSION = 1;
				DEVELOPMENT_TEAM = 9F5SABLC5J;
				GENERATE_INFOPLIST_FILE = YES;
				INFOPLIST_FILE = WantOneMillion/Info.plist;
				INFOPLIST_KEY_UIApplicationSupportsIndirectInputEvents = YES;
				INFOPLIST_KEY_UILaunchStoryboardName = LaunchScreen;
				INFOPLIST_KEY_UIMainStoryboardFile = Main;
				INFOPLIST_KEY_UISupportedInterfaceOrientations_iPad = "UIInterfaceOrientationPortrait UIInterfaceOrientationPortraitUpsideDown UIInterfaceOrientationLandscapeLeft UIInterfaceOrientationLandscapeRight";
				INFOPLIST_KEY_UISupportedInterfaceOrientations_iPhone = "UIInterfaceOrientationPortrait UIInterfaceOrientationLandscapeLeft UIInterfaceOrientationLandscapeRight";
				LD_RUNPATH_SEARCH_PATHS = (
					"$(inherited)",
					"@executable_path/Frameworks",
				);
				MARKETING_VERSION = 1.0;
				PRODUCT_BUNDLE_IDENTIFIER = com.remem.WantOneMillion;
				PRODUCT_NAME = "$(TARGET_NAME)";
				SWIFT_EMIT_LOC_STRINGS = YES;
				SWIFT_VERSION = 5.0;
				TARGETED_DEVICE_FAMILY = "1,2";
			};
			name = Debug;
		};
		D3FC5509289CD8EE00169EDE /* Release */ = {
			isa = XCBuildConfiguration;
			buildSettings = {
				ASSETCATALOG_COMPILER_APPICON_NAME = AppIcon;
				ASSETCATALOG_COMPILER_GLOBAL_ACCENT_COLOR_NAME = AccentColor;
				CODE_SIGN_STYLE = Automatic;
				CURRENT_PROJECT_VERSION = 1;
				DEVELOPMENT_TEAM = 9F5SABLC5J;
				GENERATE_INFOPLIST_FILE = YES;
				INFOPLIST_FILE = WantOneMillion/Info.plist;
				INFOPLIST_KEY_UIApplicationSupportsIndirectInputEvents = YES;
				INFOPLIST_KEY_UILaunchStoryboardName = LaunchScreen;
				INFOPLIST_KEY_UIMainStoryboardFile = Main;
				INFOPLIST_KEY_UISupportedInterfaceOrientations_iPad = "UIInterfaceOrientationPortrait UIInterfaceOrientationPortraitUpsideDown UIInterfaceOrientationLandscapeLeft UIInterfaceOrientationLandscapeRight";
				INFOPLIST_KEY_UISupportedInterfaceOrientations_iPhone = "UIInterfaceOrientationPortrait UIInterfaceOrientationLandscapeLeft UIInterfaceOrientationLandscapeRight";
				LD_RUNPATH_SEARCH_PATHS = (
					"$(inherited)",
					"@executable_path/Frameworks",
				);
				MARKETING_VERSION = 1.0;
				PRODUCT_BUNDLE_IDENTIFIER = com.remem.WantOneMillion;
				PRODUCT_NAME = "$(TARGET_NAME)";
				SWIFT_EMIT_LOC_STRINGS = YES;
				SWIFT_VERSION = 5.0;
				TARGETED_DEVICE_FAMILY = "1,2";
			};
			name = Release;
		};
/* End XCBuildConfiguration section */

/* Begin XCConfigurationList section */
		D3FC54EE289CD8EC00169EDE /* Build configuration list for PBXProject "WantOneMillion" */ = {
			isa = XCConfigurationList;
			buildConfigurations = (
				D3FC5505289CD8EE00169EDE /* Debug */,
				D3FC5506289CD8EE00169EDE /* Release */,
			);
			defaultConfigurationIsVisible = 0;
			defaultConfigurationName = Release;
		};
		D3FC5507289CD8EE00169EDE /* Build configuration list for PBXNativeTarget "WantOneMillion" */ = {
			isa = XCConfigurationList;
			buildConfigurations = (
				D3FC5508289CD8EE00169EDE /* Debug */,
				D3FC5509289CD8EE00169EDE /* Release */,
			);
			defaultConfigurationIsVisible = 0;
			defaultConfigurationName = Release;
		};
/* End XCConfigurationList section */
	};
	rootObject = D3FC54EB289CD8EC00169EDE /* Project object */;
}
